
Microsoft Visual Studio Solution File, Format Version 12.00
Project("{FAE04EC0-301F-11D3-BF4B-00C04F79EFBC}") = "NetworkProgramming", "NetworkProgramming\NetworkProgramming.csproj", "{16963963-88B2-4808-AFE7-EDC31A0E2D08}"
EndProject
Project("{FAE04EC0-301F-11D3-BF4B-00C04F79EFBC}") = "TcpServer", "TcpServer\TcpServer.csproj", "{B419E70F-8066-42B6-9684-7B324F660C3A}"
EndProject
Project("{2150E333-8FDC-42A3-9474-1A3956D46DE8}") = "NetworkProgramming", "NetworkProgramming", "{E563D264-D496-49EA-96CF-585316E58369}"
EndProject
Project("{2150E333-8FDC-42A3-9474-1A3956D46DE8}") = "homework1", "homework1", "{719CCF6F-5E7C-4C17-BDA7-8A8567449BFF}"
EndProject
Project("{FAE04EC0-301F-11D3-BF4B-00C04F79EFBC}") = "Client", "Client\Client.csproj", "{D0EDFEDE-3ABA-4C7E-871B-41716D3A7764}"
EndProject
Project("{FAE04EC0-301F-11D3-BF4B-00C04F79EFBC}") = "Server", "Server\Server.csproj", "{BD004FFE-7781-4713-A3CD-56962B4EF432}"
EndProject
Global
	GlobalSection(SolutionConfigurationPlatforms) = preSolution
		Debug|Any CPU = Debug|Any CPU
		Release|Any CPU = Release|Any CPU
	EndGlobalSection
	GlobalSection(ProjectConfigurationPlatforms) = postSolution
		{16963963-88B2-4808-AFE7-EDC31A0E2D08}.Debug|Any CPU.ActiveCfg = Debug|Any CPU
		{16963963-88B2-4808-AFE7-EDC31A0E2D08}.Debug|Any CPU.Build.0 = Debug|Any CPU
		{16963963-88B2-4808-AFE7-EDC31A0E2D08}.Release|Any CPU.ActiveCfg = Release|Any CPU
		{16963963-88B2-4808-AFE7-EDC31A0E2D08}.Release|Any CPU.Build.0 = Release|Any CPU
		{B419E70F-8066-42B6-9684-7B324F660C3A}.Debug|Any CPU.ActiveCfg = Debug|Any CPU
		{B419E70F-8066-42B6-9684-7B324F660C3A}.Debug|Any CPU.Build.0 = Debug|Any CPU
		{B419E70F-8066-42B6-9684-7B324F660C3A}.Release|Any CPU.ActiveCfg = Release|Any CPU
		{B419E70F-8066-42B6-9684-7B324F660C3A}.Release|Any CPU.Build.0 = Release|Any CPU
		{D0EDFEDE-3ABA-4C7E-871B-41716D3A7764}.Debug|Any CPU.ActiveCfg = Debug|Any CPU
		{D0EDFEDE-3ABA-4C7E-871B-41716D3A7764}.Debug|Any CPU.Build.0 = Debug|Any CPU
		{D0EDFEDE-3ABA-4C7E-871B-41716D3A7764}.Release|Any CPU.ActiveCfg = Release|Any CPU
		{D0EDFEDE-3ABA-4C7E-871B-41716D3A7764}.Release|Any CPU.Build.0 = Release|Any CPU
		{BD004FFE-7781-4713-A3CD-56962B4EF432}.Debug|Any CPU.ActiveCfg = Debug|Any CPU
		{BD004FFE-7781-4713-A3CD-56962B4EF432}.Debug|Any CPU.Build.0 = Debug|Any CPU
		{BD004FFE-7781-4713-A3CD-56962B4EF432}.Release|Any CPU.ActiveCfg = Release|Any CPU
		{BD004FFE-7781-4713-A3CD-56962B4EF432}.Release|Any CPU.Build.0 = Release|Any CPU
	EndGlobalSection
	GlobalSection(NestedProjects) = preSolution
		{16963963-88B2-4808-AFE7-EDC31A0E2D08} = {E563D264-D496-49EA-96CF-585316E58369}
		{B419E70F-8066-42B6-9684-7B324F660C3A} = {E563D264-D496-49EA-96CF-585316E58369}
		{D0EDFEDE-3ABA-4C7E-871B-41716D3A7764} = {719CCF6F-5E7C-4C17-BDA7-8A8567449BFF}
		{BD004FFE-7781-4713-A3CD-56962B4EF432} = {719CCF6F-5E7C-4C17-BDA7-8A8567449BFF}
	EndGlobalSection
EndGlobal
