
Microsoft Visual Studio Solution File, Format Version 12.00
Project("{2150E333-8FDC-42A3-9474-1A3956D46DE8}") = "homework1", "homework1", "{719CCF6F-5E7C-4C17-BDA7-8A8567449BFF}"
EndProject
Project("{FAE04EC0-301F-11D3-BF4B-00C04F79EFBC}") = "Client", "Client\Client.csproj", "{D0EDFEDE-3ABA-4C7E-871B-41716D3A7764}"
EndProject
Project("{FAE04EC0-301F-11D3-BF4B-00C04F79EFBC}") = "Server", "Server\Server.csproj", "{BD004FFE-7781-4713-A3CD-56962B4EF432}"
EndProject
Project("{2150E333-8FDC-42A3-9474-1A3956D46DE8}") = "homework2", "homework2", "{CD42384F-1FB3-45C3-AFAD-417C4E4C9D7E}"
EndProject
Project("{FAE04EC0-301F-11D3-BF4B-00C04F79EFBC}") = "Client", "homework2\Client\Client.csproj", "{C421C9F3-BAE4-4C1E-87C0-A540F978BA54}"
EndProject
Project("{FAE04EC0-301F-11D3-BF4B-00C04F79EFBC}") = "Server", "homework2\Server\Server.csproj", "{D3BB4772-3018-4AA7-B7B9-6B1D02B192FF}"
EndProject
Project("{2150E333-8FDC-42A3-9474-1A3956D46DE8}") = "Lesson", "Lesson", "{9051723C-B0E6-4DF1-883A-B491BDFD0760}"
EndProject
Project("{FAE04EC0-301F-11D3-BF4B-00C04F79EFBC}") = "Client", "Lesson\Client\Client.csproj", "{C93DABBA-B326-4174-AA5B-493167A3AEAC}"
EndProject
Project("{FAE04EC0-301F-11D3-BF4B-00C04F79EFBC}") = "Server", "Lesson\Server\Server.csproj", "{59DD9B0F-D6BB-4214-B1BE-52DD9BF3111D}"
EndProject
Project("{2150E333-8FDC-42A3-9474-1A3956D46DE8}") = "homework3", "homework3", "{DAABBD55-103D-4366-B56A-465BEE257B7C}"
EndProject
Project("{FAE04EC0-301F-11D3-BF4B-00C04F79EFBC}") = "Server", "homework3\Server\Server.csproj", "{AECE89FD-3F2D-4651-846C-929849F437D9}"
EndProject
Project("{FAE04EC0-301F-11D3-BF4B-00C04F79EFBC}") = "Client", "homework3\Client\Client.csproj", "{2C1CD469-E60C-4EFA-A80E-34670C901D48}"
EndProject
Project("{2150E333-8FDC-42A3-9474-1A3956D46DE8}") = "homework4", "homework4", "{F089751F-A198-4C75-A98A-F5C6BFD3F513}"
EndProject
Project("{FAE04EC0-301F-11D3-BF4B-00C04F79EFBC}") = "Server", "homework4\Server\Server.csproj", "{C551CC3F-3F60-42A7-B1AF-C6E403A80487}"
EndProject
Project("{FAE04EC0-301F-11D3-BF4B-00C04F79EFBC}") = "Client", "homework4\Client\Client.csproj", "{8FB016D8-8A40-4BDC-92AC-14FF45B7A749}"
EndProject
Project("{2150E333-8FDC-42A3-9474-1A3956D46DE8}") = "homework5", "homework5", "{9177A8CF-3200-44AF-8D6B-2F00C70BCFAF}"
EndProject
Project("{FAE04EC0-301F-11D3-BF4B-00C04F79EFBC}") = "ASP", "Lesson\ASP\ASP.csproj", "{0C1F7072-CF77-4716-92BA-259E37BEE4EB}"
EndProject
Project("{FAE04EC0-301F-11D3-BF4B-00C04F79EFBC}") = "Client", "homework5\Client\Client.csproj", "{CBDACADE-176F-406E-A0C8-960895155C2C}"
EndProject
Project("{FAE04EC0-301F-11D3-BF4B-00C04F79EFBC}") = "ConsoleApp", "Lesson\ConsoleApp\ConsoleApp.csproj", "{EC220B29-5460-4411-8A15-5272671118B3}"
EndProject
Project("{FAE04EC0-301F-11D3-BF4B-00C04F79EFBC}") = "AspSmtp", "Lesson\AspSmtp\AspSmtp.csproj", "{29035110-0563-4047-BDF9-3A226D2B6601}"
EndProject
Project("{FAE04EC0-301F-11D3-BF4B-00C04F79EFBC}") = "EmailService", "Lesson\EmailService\EmailService.csproj", "{A3B2F173-ED20-4923-BB08-0F361AEA9097}"
EndProject
Project("{2150E333-8FDC-42A3-9474-1A3956D46DE8}") = "SignalR", "SignalR", "{065DA868-50C7-4A04-BC05-1F362F5C0C35}"
EndProject
Project("{FAE04EC0-301F-11D3-BF4B-00C04F79EFBC}") = "MySignalRServer", "MySignalRServer\MySignalRServer.csproj", "{C45992DA-A575-4817-91FA-F89213397EA8}"
EndProject
Project("{FAE04EC0-301F-11D3-BF4B-00C04F79EFBC}") = "ConsoleClient", "ConsoleClient\ConsoleClient.csproj", "{2EB1B32C-6C7B-404F-87C2-27A2BC9ECF8A}"
EndProject
Project("{FAE04EC0-301F-11D3-BF4B-00C04F79EFBC}") = "smtp", "homework6\smtp\smtp.csproj", "{1FC02E16-8571-4FCE-B6FA-2100F55517C1}"
EndProject
Global
	GlobalSection(SolutionConfigurationPlatforms) = preSolution
		Debug|Any CPU = Debug|Any CPU
		Release|Any CPU = Release|Any CPU
	EndGlobalSection
	GlobalSection(ProjectConfigurationPlatforms) = postSolution
		{D0EDFEDE-3ABA-4C7E-871B-41716D3A7764}.Debug|Any CPU.ActiveCfg = Debug|Any CPU
		{D0EDFEDE-3ABA-4C7E-871B-41716D3A7764}.Debug|Any CPU.Build.0 = Debug|Any CPU
		{D0EDFEDE-3ABA-4C7E-871B-41716D3A7764}.Release|Any CPU.ActiveCfg = Release|Any CPU
		{D0EDFEDE-3ABA-4C7E-871B-41716D3A7764}.Release|Any CPU.Build.0 = Release|Any CPU
		{BD004FFE-7781-4713-A3CD-56962B4EF432}.Debug|Any CPU.ActiveCfg = Debug|Any CPU
		{BD004FFE-7781-4713-A3CD-56962B4EF432}.Debug|Any CPU.Build.0 = Debug|Any CPU
		{BD004FFE-7781-4713-A3CD-56962B4EF432}.Release|Any CPU.ActiveCfg = Release|Any CPU
		{BD004FFE-7781-4713-A3CD-56962B4EF432}.Release|Any CPU.Build.0 = Release|Any CPU
		{C421C9F3-BAE4-4C1E-87C0-A540F978BA54}.Debug|Any CPU.ActiveCfg = Debug|Any CPU
		{C421C9F3-BAE4-4C1E-87C0-A540F978BA54}.Debug|Any CPU.Build.0 = Debug|Any CPU
		{C421C9F3-BAE4-4C1E-87C0-A540F978BA54}.Release|Any CPU.ActiveCfg = Release|Any CPU
		{C421C9F3-BAE4-4C1E-87C0-A540F978BA54}.Release|Any CPU.Build.0 = Release|Any CPU
		{D3BB4772-3018-4AA7-B7B9-6B1D02B192FF}.Debug|Any CPU.ActiveCfg = Debug|Any CPU
		{D3BB4772-3018-4AA7-B7B9-6B1D02B192FF}.Debug|Any CPU.Build.0 = Debug|Any CPU
		{D3BB4772-3018-4AA7-B7B9-6B1D02B192FF}.Release|Any CPU.ActiveCfg = Release|Any CPU
		{D3BB4772-3018-4AA7-B7B9-6B1D02B192FF}.Release|Any CPU.Build.0 = Release|Any CPU
		{C93DABBA-B326-4174-AA5B-493167A3AEAC}.Debug|Any CPU.ActiveCfg = Debug|Any CPU
		{C93DABBA-B326-4174-AA5B-493167A3AEAC}.Debug|Any CPU.Build.0 = Debug|Any CPU
		{C93DABBA-B326-4174-AA5B-493167A3AEAC}.Release|Any CPU.ActiveCfg = Release|Any CPU
		{C93DABBA-B326-4174-AA5B-493167A3AEAC}.Release|Any CPU.Build.0 = Release|Any CPU
		{59DD9B0F-D6BB-4214-B1BE-52DD9BF3111D}.Debug|Any CPU.ActiveCfg = Debug|Any CPU
		{59DD9B0F-D6BB-4214-B1BE-52DD9BF3111D}.Debug|Any CPU.Build.0 = Debug|Any CPU
		{59DD9B0F-D6BB-4214-B1BE-52DD9BF3111D}.Release|Any CPU.ActiveCfg = Release|Any CPU
		{59DD9B0F-D6BB-4214-B1BE-52DD9BF3111D}.Release|Any CPU.Build.0 = Release|Any CPU
		{AECE89FD-3F2D-4651-846C-929849F437D9}.Debug|Any CPU.ActiveCfg = Debug|Any CPU
		{AECE89FD-3F2D-4651-846C-929849F437D9}.Debug|Any CPU.Build.0 = Debug|Any CPU
		{AECE89FD-3F2D-4651-846C-929849F437D9}.Release|Any CPU.ActiveCfg = Release|Any CPU
		{AECE89FD-3F2D-4651-846C-929849F437D9}.Release|Any CPU.Build.0 = Release|Any CPU
		{2C1CD469-E60C-4EFA-A80E-34670C901D48}.Debug|Any CPU.ActiveCfg = Debug|Any CPU
		{2C1CD469-E60C-4EFA-A80E-34670C901D48}.Debug|Any CPU.Build.0 = Debug|Any CPU
		{2C1CD469-E60C-4EFA-A80E-34670C901D48}.Release|Any CPU.ActiveCfg = Release|Any CPU
		{2C1CD469-E60C-4EFA-A80E-34670C901D48}.Release|Any CPU.Build.0 = Release|Any CPU
		{C551CC3F-3F60-42A7-B1AF-C6E403A80487}.Debug|Any CPU.ActiveCfg = Debug|Any CPU
		{C551CC3F-3F60-42A7-B1AF-C6E403A80487}.Debug|Any CPU.Build.0 = Debug|Any CPU
		{C551CC3F-3F60-42A7-B1AF-C6E403A80487}.Release|Any CPU.ActiveCfg = Release|Any CPU
		{C551CC3F-3F60-42A7-B1AF-C6E403A80487}.Release|Any CPU.Build.0 = Release|Any CPU
		{8FB016D8-8A40-4BDC-92AC-14FF45B7A749}.Debug|Any CPU.ActiveCfg = Debug|Any CPU
		{8FB016D8-8A40-4BDC-92AC-14FF45B7A749}.Debug|Any CPU.Build.0 = Debug|Any CPU
		{8FB016D8-8A40-4BDC-92AC-14FF45B7A749}.Release|Any CPU.ActiveCfg = Release|Any CPU
		{8FB016D8-8A40-4BDC-92AC-14FF45B7A749}.Release|Any CPU.Build.0 = Release|Any CPU
		{0C1F7072-CF77-4716-92BA-259E37BEE4EB}.Debug|Any CPU.ActiveCfg = Debug|Any CPU
		{0C1F7072-CF77-4716-92BA-259E37BEE4EB}.Debug|Any CPU.Build.0 = Debug|Any CPU
		{0C1F7072-CF77-4716-92BA-259E37BEE4EB}.Release|Any CPU.ActiveCfg = Release|Any CPU
		{0C1F7072-CF77-4716-92BA-259E37BEE4EB}.Release|Any CPU.Build.0 = Release|Any CPU
		{CBDACADE-176F-406E-A0C8-960895155C2C}.Debug|Any CPU.ActiveCfg = Debug|Any CPU
		{CBDACADE-176F-406E-A0C8-960895155C2C}.Debug|Any CPU.Build.0 = Debug|Any CPU
		{CBDACADE-176F-406E-A0C8-960895155C2C}.Release|Any CPU.ActiveCfg = Release|Any CPU
		{CBDACADE-176F-406E-A0C8-960895155C2C}.Release|Any CPU.Build.0 = Release|Any CPU
		{EC220B29-5460-4411-8A15-5272671118B3}.Debug|Any CPU.ActiveCfg = Debug|Any CPU
		{EC220B29-5460-4411-8A15-5272671118B3}.Debug|Any CPU.Build.0 = Debug|Any CPU
		{EC220B29-5460-4411-8A15-5272671118B3}.Release|Any CPU.ActiveCfg = Release|Any CPU
		{EC220B29-5460-4411-8A15-5272671118B3}.Release|Any CPU.Build.0 = Release|Any CPU
		{29035110-0563-4047-BDF9-3A226D2B6601}.Debug|Any CPU.ActiveCfg = Debug|Any CPU
		{29035110-0563-4047-BDF9-3A226D2B6601}.Debug|Any CPU.Build.0 = Debug|Any CPU
		{29035110-0563-4047-BDF9-3A226D2B6601}.Release|Any CPU.ActiveCfg = Release|Any CPU
		{29035110-0563-4047-BDF9-3A226D2B6601}.Release|Any CPU.Build.0 = Release|Any CPU
		{A3B2F173-ED20-4923-BB08-0F361AEA9097}.Debug|Any CPU.ActiveCfg = Debug|Any CPU
		{A3B2F173-ED20-4923-BB08-0F361AEA9097}.Debug|Any CPU.Build.0 = Debug|Any CPU
		{A3B2F173-ED20-4923-BB08-0F361AEA9097}.Release|Any CPU.ActiveCfg = Release|Any CPU
		{A3B2F173-ED20-4923-BB08-0F361AEA9097}.Release|Any CPU.Build.0 = Release|Any CPU
		{C45992DA-A575-4817-91FA-F89213397EA8}.Debug|Any CPU.ActiveCfg = Debug|Any CPU
		{C45992DA-A575-4817-91FA-F89213397EA8}.Debug|Any CPU.Build.0 = Debug|Any CPU
		{C45992DA-A575-4817-91FA-F89213397EA8}.Release|Any CPU.ActiveCfg = Release|Any CPU
		{C45992DA-A575-4817-91FA-F89213397EA8}.Release|Any CPU.Build.0 = Release|Any CPU
		{2EB1B32C-6C7B-404F-87C2-27A2BC9ECF8A}.Debug|Any CPU.ActiveCfg = Debug|Any CPU
		{2EB1B32C-6C7B-404F-87C2-27A2BC9ECF8A}.Debug|Any CPU.Build.0 = Debug|Any CPU
		{2EB1B32C-6C7B-404F-87C2-27A2BC9ECF8A}.Release|Any CPU.ActiveCfg = Release|Any CPU
		{2EB1B32C-6C7B-404F-87C2-27A2BC9ECF8A}.Release|Any CPU.Build.0 = Release|Any CPU
		{1FC02E16-8571-4FCE-B6FA-2100F55517C1}.Debug|Any CPU.ActiveCfg = Debug|Any CPU
		{1FC02E16-8571-4FCE-B6FA-2100F55517C1}.Debug|Any CPU.Build.0 = Debug|Any CPU
		{1FC02E16-8571-4FCE-B6FA-2100F55517C1}.Release|Any CPU.ActiveCfg = Release|Any CPU
		{1FC02E16-8571-4FCE-B6FA-2100F55517C1}.Release|Any CPU.Build.0 = Release|Any CPU
	EndGlobalSection
	GlobalSection(NestedProjects) = preSolution
		{D0EDFEDE-3ABA-4C7E-871B-41716D3A7764} = {719CCF6F-5E7C-4C17-BDA7-8A8567449BFF}
		{BD004FFE-7781-4713-A3CD-56962B4EF432} = {719CCF6F-5E7C-4C17-BDA7-8A8567449BFF}
		{C421C9F3-BAE4-4C1E-87C0-A540F978BA54} = {CD42384F-1FB3-45C3-AFAD-417C4E4C9D7E}
		{D3BB4772-3018-4AA7-B7B9-6B1D02B192FF} = {CD42384F-1FB3-45C3-AFAD-417C4E4C9D7E}
		{C93DABBA-B326-4174-AA5B-493167A3AEAC} = {9051723C-B0E6-4DF1-883A-B491BDFD0760}
		{59DD9B0F-D6BB-4214-B1BE-52DD9BF3111D} = {9051723C-B0E6-4DF1-883A-B491BDFD0760}
		{AECE89FD-3F2D-4651-846C-929849F437D9} = {DAABBD55-103D-4366-B56A-465BEE257B7C}
		{2C1CD469-E60C-4EFA-A80E-34670C901D48} = {DAABBD55-103D-4366-B56A-465BEE257B7C}
		{C551CC3F-3F60-42A7-B1AF-C6E403A80487} = {F089751F-A198-4C75-A98A-F5C6BFD3F513}
		{8FB016D8-8A40-4BDC-92AC-14FF45B7A749} = {F089751F-A198-4C75-A98A-F5C6BFD3F513}
		{0C1F7072-CF77-4716-92BA-259E37BEE4EB} = {9051723C-B0E6-4DF1-883A-B491BDFD0760}
		{CBDACADE-176F-406E-A0C8-960895155C2C} = {9177A8CF-3200-44AF-8D6B-2F00C70BCFAF}
		{EC220B29-5460-4411-8A15-5272671118B3} = {9051723C-B0E6-4DF1-883A-B491BDFD0760}
		{29035110-0563-4047-BDF9-3A226D2B6601} = {9051723C-B0E6-4DF1-883A-B491BDFD0760}
		{A3B2F173-ED20-4923-BB08-0F361AEA9097} = {9051723C-B0E6-4DF1-883A-B491BDFD0760}
		{C45992DA-A575-4817-91FA-F89213397EA8} = {065DA868-50C7-4A04-BC05-1F362F5C0C35}
		{2EB1B32C-6C7B-404F-87C2-27A2BC9ECF8A} = {065DA868-50C7-4A04-BC05-1F362F5C0C35}
	EndGlobalSection
EndGlobal
